
Microsoft Visual Studio Solution File, Format Version 12.00
# Visual Studio Version 16
VisualStudioVersion = 16.0.30621.155
MinimumVisualStudioVersion = 10.0.40219.1
Project("{FAE04EC0-301F-11D3-BF4B-00C04F79EFBC}") = "DOAN_1", "DOAN_1\DOAN_1.csproj", "{3C612E3F-0CB8-4436-B64F-7C03AC7DFD7C}"
EndProject
Global
	GlobalSection(SolutionConfigurationPlatforms) = preSolution
		Debug|Any CPU = Debug|Any CPU
		Release|Any CPU = Release|Any CPU
	EndGlobalSection
	GlobalSection(ProjectConfigurationPlatforms) = postSolution
		{3C612E3F-0CB8-4436-B64F-7C03AC7DFD7C}.Debug|Any CPU.ActiveCfg = Debug|Any CPU
		{3C612E3F-0CB8-4436-B64F-7C03AC7DFD7C}.Debug|Any CPU.Build.0 = Debug|Any CPU
		{3C612E3F-0CB8-4436-B64F-7C03AC7DFD7C}.Release|Any CPU.ActiveCfg = Release|Any CPU
		{3C612E3F-0CB8-4436-B64F-7C03AC7DFD7C}.Release|Any CPU.Build.0 = Release|Any CPU
	EndGlobalSection
	GlobalSection(SolutionProperties) = preSolution
		HideSolutionNode = FALSE
	EndGlobalSection
	GlobalSection(ExtensibilityGlobals) = postSolution
		SolutionGuid = {F169AAE5-066D-4B93-8E57-C81F88F0A6E1}
	EndGlobalSection
EndGlobal
